
Microsoft Visual Studio Solution File, Format Version 12.00
# Visual Studio 2015
Project("{FAE04EC0-301F-11D3-BF4B-00C04F79EFBC}") = "unity3d.CSharp", "unity3d.CSharp.csproj", "{0BCE9C4E-B5FD-480E-6884-E7BDBE2CE929}"
EndProject
Project("{FAE04EC0-301F-11D3-BF4B-00C04F79EFBC}") = "unity3d.CSharp.Editor", "unity3d.CSharp.Editor.csproj", "{1D443B51-5A67-FA6C-A8D3-445190A4655A}"
EndProject
Global
	GlobalSection(SolutionConfigurationPlatforms) = preSolution
		Debug|Any CPU = Debug|Any CPU
		Release|Any CPU = Release|Any CPU
	EndGlobalSection
	GlobalSection(ProjectConfigurationPlatforms) = postSolution
		{0BCE9C4E-B5FD-480E-6884-E7BDBE2CE929}.Debug|Any CPU.ActiveCfg = Debug|Any CPU
		{0BCE9C4E-B5FD-480E-6884-E7BDBE2CE929}.Debug|Any CPU.Build.0 = Debug|Any CPU
		{0BCE9C4E-B5FD-480E-6884-E7BDBE2CE929}.Release|Any CPU.ActiveCfg = Release|Any CPU
		{0BCE9C4E-B5FD-480E-6884-E7BDBE2CE929}.Release|Any CPU.Build.0 = Release|Any CPU
		{1D443B51-5A67-FA6C-A8D3-445190A4655A}.Debug|Any CPU.ActiveCfg = Debug|Any CPU
		{1D443B51-5A67-FA6C-A8D3-445190A4655A}.Debug|Any CPU.Build.0 = Debug|Any CPU
		{1D443B51-5A67-FA6C-A8D3-445190A4655A}.Release|Any CPU.ActiveCfg = Release|Any CPU
		{1D443B51-5A67-FA6C-A8D3-445190A4655A}.Release|Any CPU.Build.0 = Release|Any CPU
	EndGlobalSection
	GlobalSection(SolutionProperties) = preSolution
		HideSolutionNode = FALSE
	EndGlobalSection
EndGlobal
